<?xml version="1.0" encoding="utf-8"?>
<Project ToolsVersion="4.0" xmlns="http://schemas.microsoft.com/developer/msbuild/2003">
  <ItemGroup>
    <Filter Include="Source Files">
      <UniqueIdentifier>{4FC737F1-C7A5-4376-A066-2A32D752A2FF}</UniqueIdentifier>
      <Extensions>cpp;c;cc;cxx;c++;cppm;ixx;def;odl;idl;hpj;bat;asm;asmx</Extensions>
    </Filter>
    <Filter Include="Header Files">
      <UniqueIdentifier>{93995380-89BD-4b04-88EB-625FBE52EBFB}</UniqueIdentifier>
      <Extensions>h;hh;hpp;hxx;h++;hm;inl;inc;ipp;xsd</Extensions>
    </Filter>
    <Filter Include="Resource Files">
      <UniqueIdentifier>{67DA6AB6-F800-4c08-8B7A-83BB121AAD01}</UniqueIdentifier>
      <Extensions>rc;ico;cur;bmp;dlg;rc2;rct;bin;rgs;gif;jpg;jpeg;jpe;resx;tiff;tif;png;wav;mfcribbon-ms</Extensions>
    </Filter>
    <Filter Include="Source Files\System">
      <UniqueIdentifier>{d948e49a-3f42-4fd2-849c-b0b59ca04a37}</UniqueIdentifier>
    </Filter>
    <Filter Include="Header Files\System">
      <UniqueIdentifier>{381551df-c52f-48ec-a4bb-01cc85328c87}</UniqueIdentifier>
    </Filter>
    <Filter Include="Source Files\Libs">
      <UniqueIdentifier>{7dc9d11d-bd31-472d-ac3d-4220ee39b085}</UniqueIdentifier>
    </Filter>
    <Filter Include="Header Files\Libs">
      <UniqueIdentifier>{1f9d4199-5307-4bf4-a76d-0629c8a61b95}</UniqueIdentifier>
    </Filter>
    <Filter Include="Source Files\System\Core">
      <UniqueIdentifier>{c7139fe2-8659-437d-8d6d-132e7e228e73}</UniqueIdentifier>
    </Filter>
    <Filter Include="Header Files\System\Core">
      <UniqueIdentifier>{4ae01136-b545-4422-b284-a4f0859a984a}</UniqueIdentifier>
    </Filter>
    <Filter Include="Header Files\System\Subsystems">
      <UniqueIdentifier>{5e6d578f-7dee-4eae-8253-db5096176aaa}</UniqueIdentifier>
    </Filter>
    <Filter Include="Source Files\System\Subsystems">
      <UniqueIdentifier>{b26ba22e-ede7-40d1-9258-f006b48cea4e}</UniqueIdentifier>
    </Filter>
    <Filter Include="Source Files\Entity">
      <UniqueIdentifier>{abe39cfd-fb60-4dec-9711-c2f5a54ace9c}</UniqueIdentifier>
    </Filter>
    <Filter Include="Header Files\Entity">
      <UniqueIdentifier>{278a5736-cec4-41e3-8cfb-810ce896e68a}</UniqueIdentifier>
    </Filter>
    <Filter Include="Source Files\System\Graphics">
      <UniqueIdentifier>{47edc616-a82a-42c8-a9d7-47becc5893d2}</UniqueIdentifier>
    </Filter>
    <Filter Include="Header Files\System\Graphics">
      <UniqueIdentifier>{6b87cc61-12bb-49f1-aacf-c549b4ec892c}</UniqueIdentifier>
    </Filter>
    <Filter Include="Source Files\System\Physics">
      <UniqueIdentifier>{96273b8a-9865-46fd-afd3-1a3a691ff11f}</UniqueIdentifier>
    </Filter>
    <Filter Include="Header Files\System\Physics">
      <UniqueIdentifier>{98a8550d-8216-4259-af61-2d072a3bb2de}</UniqueIdentifier>
    </Filter>
    <Filter Include="Resource Files\Images">
      <UniqueIdentifier>{f2db94e0-b29b-4a73-8e39-cab42a9d6b76}</UniqueIdentifier>
    </Filter>
    <Filter Include="Resource Files\Scripts">
      <UniqueIdentifier>{01ecea97-e66b-48b5-a47f-838f1be0ad2c}</UniqueIdentifier>
    </Filter>
    <Filter Include="Resource Files\SFX">
      <UniqueIdentifier>{160c745b-01b4-4323-a4c9-cea7b7bf56d5}</UniqueIdentifier>
    </Filter>
    <Filter Include="Resource Files\Music">
      <UniqueIdentifier>{ea883a07-068a-4d73-a701-2f2c575bae0f}</UniqueIdentifier>
    </Filter>
    <Filter Include="Resource Files\Fonts">
      <UniqueIdentifier>{368e6ebd-bed7-4c31-b469-d716f8d7f6ec}</UniqueIdentifier>
    </Filter>
  </ItemGroup>
  <ItemGroup>
    <ClCompile Include="src\core\GameSystem.cpp">
      <Filter>Source Files\System</Filter>
    </ClCompile>
    <ClCompile Include="src\core\scene\Scene.cpp">
      <Filter>Source Files\System</Filter>
    </ClCompile>
    <ClCompile Include="src\main.cpp">
      <Filter>Source Files</Filter>
    </ClCompile>
    <ClCompile Include="src\core\helpers\XMLHelper.cpp">
      <Filter>Source Files\System\Subsystems</Filter>
    </ClCompile>
    <ClCompile Include="src\core\lua\LuaHandler.cpp">
      <Filter>Source Files\System\Subsystems</Filter>
    </ClCompile>
    <ClCompile Include="src\core\graphics\Texture.cpp">
      <Filter>Source Files\System\Graphics</Filter>
    </ClCompile>
    <ClCompile Include="src\core\graphics\Spritesheet.cpp">
      <Filter>Source Files\System\Graphics</Filter>
    </ClCompile>
    <ClCompile Include="src\core\graphics\Font.cpp">
      <Filter>Source Files\System\Graphics</Filter>
    </ClCompile>
    <ClCompile Include="src\core\scene\UI.cpp">
      <Filter>Source Files\Entity</Filter>
    </ClCompile>
    <ClCompile Include="src\core\graphics\TextureManager.cpp">
      <Filter>Source Files\System\Graphics</Filter>
    </ClCompile>
    <ClCompile Include="src\entities\Character.cpp">
      <Filter>Source Files</Filter>
    </ClCompile>
    <ClCompile Include="src\core\audio\Music.cpp">
      <Filter>Source Files</Filter>
    </ClCompile>
    <ClCompile Include="src\core\scene\UIEvents.cpp">
      <Filter>Source Files</Filter>
    </ClCompile>
    <ClCompile Include="src\core\lua\objects\Player.cpp">
      <Filter>Source Files</Filter>
    </ClCompile>
    <ClCompile Include="src\core\lua\parsers\PlayerParser.cpp">
      <Filter>Source Files</Filter>
    </ClCompile>
    <ClCompile Include="src\core\lua\objects\Level.cpp">
      <Filter>Source Files</Filter>
    </ClCompile>
    <ClCompile Include="src\core\lua\objects\Game.cpp">
      <Filter>Source Files</Filter>
    </ClCompile>
    <ClCompile Include="src\core\lua\parsers\GameParser.cpp">
      <Filter>Source Files</Filter>
    </ClCompile>
    <ClCompile Include="src\core\lua\parsers\LevelParser.cpp">
      <Filter>Source Files</Filter>
    </ClCompile>
    <ClCompile Include="src\core\Window.cpp">
      <Filter>Source Files</Filter>
    </ClCompile>
    <ClCompile Include="src\core\input\Inputs.cpp">
      <Filter>Source Files</Filter>
    </ClCompile>
  </ItemGroup>
  <ItemGroup>
    <ClInclude Include="src\core\GameSystem.h">
      <Filter>Header Files\System</Filter>
    </ClInclude>
    <ClInclude Include="res\resource.h">
      <Filter>Header Files</Filter>
    </ClInclude>
    <ClInclude Include="src\core\input\Inputs.h">
      <Filter>Header Files\System</Filter>
    </ClInclude>
    <ClInclude Include="src\core\scene\Scene.h">
      <Filter>Header Files\System</Filter>
    </ClInclude>
    <ClInclude Include="src\core\helpers\XMLHelper.h">
      <Filter>Header Files\System\Subsystems</Filter>
    </ClInclude>
    <ClInclude Include="src\core\lua\LuaHandler.h">
      <Filter>Header Files\System\Subsystems</Filter>
    </ClInclude>
    <ClInclude Include="src\core\Defines.h">
      <Filter>Header Files\System</Filter>
    </ClInclude>
    <ClInclude Include="src\entities\GameObject.h">
      <Filter>Header Files\Entity</Filter>
    </ClInclude>
    <ClInclude Include="src\entities\IObject.h">
      <Filter>Header Files\Entity</Filter>
    </ClInclude>
    <ClInclude Include="src\core\graphics\Texture.h">
      <Filter>Header Files\System\Graphics</Filter>
    </ClInclude>
    <ClInclude Include="src\core\graphics\Spritesheet.h">
      <Filter>Header Files\System\Graphics</Filter>
    </ClInclude>
    <ClInclude Include="src\core\graphics\Font.h">
      <Filter>Header Files\System\Graphics</Filter>
    </ClInclude>
    <ClInclude Include="src\core\scene\UI.h">
      <Filter>Header Files\Entity</Filter>
    </ClInclude>
    <ClInclude Include="src\core\graphics\TextureManager.h">
      <Filter>Header Files\System\Graphics</Filter>
    </ClInclude>
    <ClInclude Include="src\core\graphics\Vector2D.h">
      <Filter>Header Files\System\Physics</Filter>
    </ClInclude>
    <ClInclude Include="src\core\graphics\Transform.h">
      <Filter>Header Files</Filter>
    </ClInclude>
    <ClInclude Include="src\core\audio\Music.h">
      <Filter>Header Files\System</Filter>
    </ClInclude>
    <ClInclude Include="src\core\scene\UIEvents.h">
      <Filter>Header Files</Filter>
    </ClInclude>
    <ClInclude Include="src\entities\Character.h">
      <Filter>Header Files\Entity</Filter>
    </ClInclude>
    <ClInclude Include="src\core\lua\objects\Game.h">
      <Filter>Header Files</Filter>
    </ClInclude>
    <ClInclude Include="src\core\lua\objects\Level.h">
      <Filter>Header Files</Filter>
    </ClInclude>
    <ClInclude Include="src\core\lua\objects\Player.h">
      <Filter>Header Files</Filter>
    </ClInclude>
    <ClInclude Include="src\core\lua\parsers\PlayerParser.h">
      <Filter>Header Files</Filter>
    </ClInclude>
    <ClInclude Include="src\core\lua\parsers\GameParser.h">
      <Filter>Header Files</Filter>
    </ClInclude>
    <ClInclude Include="src\core\lua\parsers\Parser.h">
      <Filter>Header Files</Filter>
    </ClInclude>
    <ClInclude Include="src\core\lua\parsers\LevelParser.h">
      <Filter>Header Files</Filter>
    </ClInclude>
    <ClInclude Include="src\core\Window.h">
      <Filter>Header Files</Filter>
    </ClInclude>
  </ItemGroup>
  <ItemGroup>
    <ResourceCompile Include="res\sud.rc">
      <Filter>Resource Files</Filter>
    </ResourceCompile>
  </ItemGroup>
  <ItemGroup>
    <Image Include="res\icon.ico">
      <Filter>Resource Files</Filter>
    </Image>
    <Image Include="res\images\mouse_cursor.png">
      <Filter>Resource Files\Images</Filter>
    </Image>
    <Image Include="res\images\mm-gui-controlls.png">
      <Filter>Resource Files\Images</Filter>
    </Image>
    <Image Include="res\images\mm-gui-button.png">
      <Filter>Resource Files\Images</Filter>
    </Image>
    <Image Include="res\images\spritesheet.png">
      <Filter>Resource Files\Images</Filter>
    </Image>
    <Image Include="res\spritesheet.png">
      <Filter>Resource Files\Images</Filter>
    </Image>
    <Image Include="res\fonts\noto_mono.png">
      <Filter>Resource Files\Fonts</Filter>
    </Image>
    <Image Include="res\fonts\noto_0.png">
      <Filter>Resource Files\Fonts</Filter>
    </Image>
    <Image Include="res\fonts\vingue.png">
      <Filter>Resource Files\Fonts</Filter>
    </Image>
    <Image Include="res\icon.png">
      <Filter>Resource Files\Images</Filter>
    </Image>
    <Image Include="res\images\icon.png">
      <Filter>Resource Files\Images</Filter>
    </Image>
  </ItemGroup>
  <ItemGroup>
    <None Include=".gitignore" />
    <None Include="LICENSE" />
    <None Include="README.md" />
    <None Include="res\sud.aps" />
    <None Include="sud.code-workspace" />
    <None Include="res\scripts\Player.lua">
      <Filter>Resource Files\Scripts</Filter>
    </None>
    <None Include="res\scripts\script1.lua">
      <Filter>Resource Files\Scripts</Filter>
    </None>
    <None Include="res\scripts\GameObject.lua">
      <Filter>Resource Files\Scripts</Filter>
    </None>
    <None Include="res\scripts\Vector2.lua">
      <Filter>Resource Files\Scripts</Filter>
    </None>
    <None Include="res\music\1fineday.xm">
      <Filter>Resource Files\Music</Filter>
    </None>
    <None Include="res\music\ex-aws_cave.xm">
      <Filter>Resource Files\Music</Filter>
    </None>
    <None Include="res\music\menu-music.ogg">
      <Filter>Resource Files\Music</Filter>
    </None>
    <None Include="res\fonts\noto.fnt">
      <Filter>Resource Files\Fonts</Filter>
    </None>
    <None Include="res\images\mm-gui-controlls.pyxel">
      <Filter>Resource Files\Images</Filter>
    </None>
    <None Include="res\images\mm-gui-button.pyxel">
      <Filter>Resource Files\Images</Filter>
    </None>
    <None Include="lua\Vector2.lua" />
    <None Include="lua\Game.lua" />
    <None Include="lua\GameObject.lua" />
    <None Include="lua\level.lua" />
    <None Include="lua\main.lua" />
    <None Include="lua\Player.lua" />
    <None Include="lua\script1.lua" />
    <None Include="lua\core\Core.lua" />
  </ItemGroup>
  <ItemGroup>
    <Xml Include="res\fonts\noto_mono.xml">
      <Filter>Resource Files\Fonts</Filter>
    </Xml>
    <Xml Include="res\fonts\vingue.xml">
      <Filter>Resource Files\Fonts</Filter>
    </Xml>
  </ItemGroup>
  <ItemGroup>
    <Font Include="res\fonts\ubuntu.ttf">
      <Filter>Resource Files\Fonts</Filter>
    </Font>
  </ItemGroup>
</Project>